
Microsoft Visual Studio Solution File, Format Version 12.00
# Visual Studio 15
VisualStudioVersion = 15.0.28307.852
MinimumVisualStudioVersion = 10.0.40219.1
Project("{8BC9CEB8-8B4A-11D0-8D11-00A0C91BC942}") = "addressbook", "addressbook\addressbook.vcxproj", "{41F7DFF2-A7DE-4C4B-8623-BF6AF1AC2682}"
EndProject
Global
	GlobalSection(SolutionConfigurationPlatforms) = preSolution
		Debug|x64 = Debug|x64
		Debug|x86 = Debug|x86
		Release|x64 = Release|x64
		Release|x86 = Release|x86
	EndGlobalSection
	GlobalSection(ProjectConfigurationPlatforms) = postSolution
		{41F7DFF2-A7DE-4C4B-8623-BF6AF1AC2682}.Debug|x64.ActiveCfg = Debug|x64
		{41F7DFF2-A7DE-4C4B-8623-BF6AF1AC2682}.Debug|x64.Build.0 = Debug|x64
		{41F7DFF2-A7DE-4C4B-8623-BF6AF1AC2682}.Debug|x86.ActiveCfg = Debug|Win32
		{41F7DFF2-A7DE-4C4B-8623-BF6AF1AC2682}.Debug|x86.Build.0 = Debug|Win32
		{41F7DFF2-A7DE-4C4B-8623-BF6AF1AC2682}.Release|x64.ActiveCfg = Release|x64
		{41F7DFF2-A7DE-4C4B-8623-BF6AF1AC2682}.Release|x64.Build.0 = Release|x64
		{41F7DFF2-A7DE-4C4B-8623-BF6AF1AC2682}.Release|x86.ActiveCfg = Release|Win32
		{41F7DFF2-A7DE-4C4B-8623-BF6AF1AC2682}.Release|x86.Build.0 = Release|Win32
	EndGlobalSection
	GlobalSection(SolutionProperties) = preSolution
		HideSolutionNode = FALSE
	EndGlobalSection
	GlobalSection(ExtensibilityGlobals) = postSolution
		SolutionGuid = {2C2A1690-593F-44F7-8A40-9347D39BC162}
	EndGlobalSection
EndGlobal
